
Microsoft Visual Studio Solution File, Format Version 12.00
# Visual Studio Version 17
VisualStudioVersion = 17.5.002.0
MinimumVisualStudioVersion = 10.0.40219.1
Project("{9A19103F-16F7-4668-BE54-9A1E7A4F7556}") = "Sorting", "Sorting.csproj", "{440178F2-260F-4AAC-8DCA-956A92B0969F}"
EndProject
Global
	GlobalSection(SolutionConfigurationPlatforms) = preSolution
		Debug|Any CPU = Debug|Any CPU
		Release|Any CPU = Release|Any CPU
	EndGlobalSection
	GlobalSection(ProjectConfigurationPlatforms) = postSolution
		{440178F2-260F-4AAC-8DCA-956A92B0969F}.Debug|Any CPU.ActiveCfg = Debug|Any CPU
		{440178F2-260F-4AAC-8DCA-956A92B0969F}.Debug|Any CPU.Build.0 = Debug|Any CPU
		{440178F2-260F-4AAC-8DCA-956A92B0969F}.Release|Any CPU.ActiveCfg = Release|Any CPU
		{440178F2-260F-4AAC-8DCA-956A92B0969F}.Release|Any CPU.Build.0 = Release|Any CPU
	EndGlobalSection
	GlobalSection(SolutionProperties) = preSolution
		HideSolutionNode = FALSE
	EndGlobalSection
	GlobalSection(ExtensibilityGlobals) = postSolution
		SolutionGuid = {CDD7F4D9-FC90-43E4-9B63-74D3DEAD5F44}
	EndGlobalSection
EndGlobal
